{
  "name": "slack-ui-export",
  "lockfileVersion": 2,
  "requires": true,
  "packages": {
    "": {
      "name": "slack-ui-export",
      "dependencies": {
        "react": "^18.3.1",
        "react-dom": "^18.3.1",
        "slack-blocks-to-jsx": "^0.8.6"
      }
    },
    "node_modules/@sindresorhus/is": {
      "version": "4.6.0",
      "resolved": "https://registry.npmjs.org/@sindresorhus/is/-/is-4.6.0.tgz",
      "integrity": "sha512-t09vSN3MdfsyCHoFcTRCH/iUtG7OJ0CsjzB8cjAmKc/va/kIgeDI/TxsigdncE/4be734m0cvIYwNaV4i2XqAw==",
      "engines": {
        "node": ">=10"
      },
      "funding": {
        "url": "https://github.com/sindresorhus/is?sponsor=1"
      }
    },
    "node_modules/@yozora/ast": {
      "version": "2.3.13",
      "resolved": "https://registry.npmjs.org/@yozora/ast/-/ast-2.3.13.tgz",
      "integrity": "sha512-eXOoQ0yQXRdBo8gKbMi5yf4HAmOS9jOqjnC+xtwzv1t0vUqpWgrdz0D8J7S78u9K7yP0dgDSbNm6mwcTBtlVsQ==",
      "engines": {
        "node": ">= 16.0.0"
      }
    },
    "node_modules/@yozora/ast-util": {
      "version": "2.3.13",
      "resolved": "https://registry.npmjs.org/@yozora/ast-util/-/ast-util-2.3.13.tgz",
      "integrity": "sha512-seSvk1Ndbxz50PA0hzUkcyh5TzPAexSB9608nkTItwjeyJKr2pUGxOu+WOy9BpYQynFaTYoefW51KTAwqSqmOw==",
      "dependencies": {
        "@yozora/ast": "^2.3.13",
        "@yozora/character": "^2.3.13"
      },
      "engines": {
        "node": ">= 16.0.0"
      }
    },
    "node_modules/@yozora/character": {
      "version": "2.3.13",
      "resolved": "https://registry.npmjs.org/@yozora/character/-/character-2.3.13.tgz",
      "integrity": "sha512-+Xr3Rq2RE06kitgPPQQIXSNQjloaOD9mG2Q6xjC94/+XNMrrP+AcviKwJWP3HAiY66n9o1J1nLHe7ytxIE/mfg==",
      "engines": {
        "node": ">= 16.0.0"
      }
    },
    "node_modules/@yozora/core-parser": {
      "version": "2.3.13",
      "resolved": "https://registry.npmjs.org/@yozora/core-parser/-/core-parser-2.3.13.tgz",
      "integrity": "sha512-pC899m5tPlDD9jd+VfKp0wr0rRAV7x3JJ4h/LeO9vUejA+DBl6PLK4No7FLzVSNd4kZMB2qSkyIyWygAi7uIoA==",
      "dependencies": {
        "@yozora/ast": "^2.3.13",
        "@yozora/ast-util": "^2.3.13",
        "@yozora/character": "^2.3.13",
        "@yozora/core-tokenizer": "^2.3.13",
        "@yozora/invariant": "^2.3.13"
      },
      "engines": {
        "node": ">= 16.0.0"
      }
    },
    "node_modules/@yozora/core-tokenizer": {
      "version": "2.3.13",
      "resolved": "https://registry.npmjs.org/@yozora/core-tokenizer/-/core-tokenizer-2.3.13.tgz",
      "integrity": "sha512-Azk94/pcHBd5ppvHBWEjR59igel9ESCIiGsI9PBurrXE0orIo8VyV6kr4V+ItwG//RbpUsnmzldndgKId89TPw==",
      "dependencies": {
        "@yozora/ast": "^2.3.13",
        "@yozora/character": "^2.3.13"
      },
      "engines": {
        "node": ">= 16.0.0"
      }
    },
    "node_modules/@yozora/invariant": {
      "version": "2.3.13",
      "resolved": "https://registry.npmjs.org/@yozora/invariant/-/invariant-2.3.13.tgz",
      "integrity": "sha512-c9Z3EQKEpnaZyZUnsrkpkTH8OAUPUCLXLdbptFiHOHicJELGZ3JctTsAXY2fyNt1nqCilVRpTs0pzKMSwnwMLw==",
      "engines": {
        "node": ">= 16.0.0"
      }
    },
    "node_modules/@yozora/parser": {
      "version": "2.3.13",
      "resolved": "https://registry.npmjs.org/@yozora/parser/-/parser-2.3.13.tgz",
      "integrity": "sha512-WfZjS0GEFoi5kuKEmUGNKbX64rmCY3acTwj/1GwcUcxZLe/S4B4dPZ7O1Q8xohFCAw90iToMGavg4BdBHFW98g==",
      "dependencies": {
        "@yozora/ast": "^2.3.13",
        "@yozora/core-parser": "^2.3.13",
        "@yozora/tokenizer-admonition": "^2.3.13",
        "@yozora/tokenizer-autolink": "^2.3.13",
        "@yozora/tokenizer-autolink-extension": "^2.3.13",
        "@yozora/tokenizer-blockquote": "^2.3.13",
        "@yozora/tokenizer-break": "^2.3.13",
        "@yozora/tokenizer-definition": "^2.3.13",
        "@yozora/tokenizer-delete": "^2.3.13",
        "@yozora/tokenizer-ecma-import": "^2.3.13",
        "@yozora/tokenizer-emphasis": "^2.3.13",
        "@yozora/tokenizer-fenced-code": "^2.3.13",
        "@yozora/tokenizer-footnote": "^2.3.13",
        "@yozora/tokenizer-footnote-definition": "^2.3.13",
        "@yozora/tokenizer-footnote-reference": "^2.3.13",
        "@yozora/tokenizer-heading": "^2.3.13",
        "@yozora/tokenizer-html-block": "^2.3.13",
        "@yozora/tokenizer-html-inline": "^2.3.13",
        "@yozora/tokenizer-image": "^2.3.13",
        "@yozora/tokenizer-image-reference": "^2.3.13",
        "@yozora/tokenizer-indented-code": "^2.3.13",
        "@yozora/tokenizer-inline-code": "^2.3.13",
        "@yozora/tokenizer-inline-math": "^2.3.13",
        "@yozora/tokenizer-link": "^2.3.13",
        "@yozora/tokenizer-link-reference": "^2.3.13",
        "@yozora/tokenizer-list": "^2.3.13",
        "@yozora/tokenizer-math": "^2.3.13",
        "@yozora/tokenizer-paragraph": "^2.3.13",
        "@yozora/tokenizer-setext-heading": "^2.3.13",
        "@yozora/tokenizer-table": "^2.3.13",
        "@yozora/tokenizer-text": "^2.3.13",
        "@yozora/tokenizer-thematic-break": "^2.3.13"
      },
      "engines": {
        "node": ">= 16.0.0"
      }
    },
    "node_modules/@yozora/tokenizer-admonition": {
      "version": "2.3.13",
      "resolved": "https://registry.npmjs.org/@yozora/tokenizer-admonition/-/tokenizer-admonition-2.3.13.tgz",
      "integrity": "sha512-8BBi1pt3Vk9sfUlr3t3DkDNW+v3o8WstsIB+eMc2Ss+vTayIj8JugKuhZq2FVs+30sAo1KIFeNyLVdhMjpB0gw==",
      "dependencies": {
        "@yozora/ast": "^2.3.13",
        "@yozora/character": "^2.3.13",
        "@yozora/core-tokenizer": "^2.3.13",
        "@yozora/tokenizer-fenced-block": "^2.3.13"
      },
      "engines": {
        "node": ">= 16.0.0"
      }
    },
    "node_modules/@yozora/tokenizer-autolink": {
      "version": "2.3.13",
      "resolved": "https://registry.npmjs.org/@yozora/tokenizer-autolink/-/tokenizer-autolink-2.3.13.tgz",
      "integrity": "sha512-8sGApkzBd0JVMEKNVyxw1XufZlyEeYyfjQW2fFBSI+E4mE8w1EYZQKc+6dOe1aJnnvZ0BdUM5Pm2fBZdwkRdbQ==",
      "dependencies": {
        "@yozora/ast": "^2.3.13",
        "@yozora/character": "^2.3.13",
        "@yozora/core-tokenizer": "^2.3.13"
      },
      "engines": {
        "node": ">= 16.0.0"
      }
    },
    "node_modules/@yozora/tokenizer-autolink-extension": {
      "version": "2.3.13",
      "resolved": "https://registry.npmjs.org/@yozora/tokenizer-autolink-extension/-/tokenizer-autolink-extension-2.3.13.tgz",
      "integrity": "sha512-JNG274pNnf3aGle7bi13kHVT8eSehSJVdfml4+B129eJjvntieqwSNCOh7J5OJp4dCPr/otMjvvAOKoAwHR3kA==",
      "dependencies": {
        "@yozora/ast": "^2.3.13",
        "@yozora/character": "^2.3.13",
        "@yozora/core-tokenizer": "^2.3.13",
        "@yozora/tokenizer-autolink": "^2.3.13"
      },
      "engines": {
        "node": ">= 16.0.0"
      }
    },
    "node_modules/@yozora/tokenizer-blockquote": {
      "version": "2.3.13",
      "resolved": "https://registry.npmjs.org/@yozora/tokenizer-blockquote/-/tokenizer-blockquote-2.3.13.tgz",
      "integrity": "sha512-JF8TsPrAMMbAJdej+krQqdxoMaq4xJNSIeATpRiBg0B061HgNB0tY/MlbDyJWexqpiQnkw14S8tZwNhzGfC/pw==",
      "dependencies": {
        "@yozora/ast": "^2.3.13",
        "@yozora/character": "^2.3.13",
        "@yozora/core-tokenizer": "^2.3.13"
      },
      "engines": {
        "node": ">= 16.0.0"
      }
    },
    "node_modules/@yozora/tokenizer-break": {
      "version": "2.3.13",
      "resolved": "https://registry.npmjs.org/@yozora/tokenizer-break/-/tokenizer-break-2.3.13.tgz",
      "integrity": "sha512-ufIMhnflz9Nwbb+k0U4vQye4j/66z0+WYxxUvey4p/MJnwr8jvpG0/Rm5rij5ypN2B5iSFywdQrhv1/gk2ma9Q==",
      "dependencies": {
        "@yozora/ast": "^2.3.13",
        "@yozora/character": "^2.3.13",
        "@yozora/core-tokenizer": "^2.3.13"
      },
      "engines": {
        "node": ">= 16.0.0"
      }
    },
    "node_modules/@yozora/tokenizer-definition": {
      "version": "2.3.13",
      "resolved": "https://registry.npmjs.org/@yozora/tokenizer-definition/-/tokenizer-definition-2.3.13.tgz",
      "integrity": "sha512-JGDwBR4jYfrKB5sHpPJaegmbscMrNYCliSB4Sc5+RkWw19PJ/OSrKzCMJC5crFjpE5sAahP89xvb0ojsBsJiuA==",
      "dependencies": {
        "@yozora/ast": "^2.3.13",
        "@yozora/character": "^2.3.13",
        "@yozora/core-tokenizer": "^2.3.13"
      },
      "engines": {
        "node": ">= 16.0.0"
      }
    },
    "node_modules/@yozora/tokenizer-delete": {
      "version": "2.3.13",
      "resolved": "https://registry.npmjs.org/@yozora/tokenizer-delete/-/tokenizer-delete-2.3.13.tgz",
      "integrity": "sha512-jBMwgf1OVgqFjVaoEtHtRCtNAoAA0oL9QMAqfbiAGEOzSz9vtEYDzhWC2/gYoITKuSyMmwKU41hzwrLLP6HVIw==",
      "dependencies": {
        "@yozora/ast": "^2.3.13",
        "@yozora/character": "^2.3.13",
        "@yozora/core-tokenizer": "^2.3.13"
      },
      "engines": {
        "node": ">= 16.0.0"
      }
    },
    "node_modules/@yozora/tokenizer-ecma-import": {
      "version": "2.3.13",
      "resolved": "https://registry.npmjs.org/@yozora/tokenizer-ecma-import/-/tokenizer-ecma-import-2.3.13.tgz",
      "integrity": "sha512-zFBuX7JXSoDri2xyNCb1dHgSD3G7fTv1qKtwagw7dASczmSZ0XR0q5/QkMeApnfHd3mf68rGE50/5oyahhNOXA==",
      "dependencies": {
        "@yozora/ast": "^2.3.13",
        "@yozora/character": "^2.3.13",
        "@yozora/core-tokenizer": "^2.3.13"
      },
      "engines": {
        "node": ">= 16.0.0"
      }
    },
    "node_modules/@yozora/tokenizer-emphasis": {
      "version": "2.3.13",
      "resolved": "https://registry.npmjs.org/@yozora/tokenizer-emphasis/-/tokenizer-emphasis-2.3.13.tgz",
      "integrity": "sha512-DLTpoNevZP8YN2SRU4zp2Tca1D1NVLnLGHwsBGM+8QHITtG1xbBNXaPmHByDB+WhHGc3TKp9rR/B6lYBTVrpVw==",
      "dependencies": {
        "@yozora/ast": "^2.3.13",
        "@yozora/character": "^2.3.13",
        "@yozora/core-tokenizer": "^2.3.13"
      },
      "engines": {
        "node": ">= 16.0.0"
      }
    },
    "node_modules/@yozora/tokenizer-fenced-block": {
      "version": "2.3.13",
      "resolved": "https://registry.npmjs.org/@yozora/tokenizer-fenced-block/-/tokenizer-fenced-block-2.3.13.tgz",
      "integrity": "sha512-/YyfzdqpcyLOfYbzaGJ6Vob3hpeqUJg45xdNcwQK3iGHvpZ0TLKH3Ku3BD5zhA6NIHoY76mKeV8hcwT+UGt9Ig==",
      "dependencies": {
        "@yozora/ast": "^2.3.13",
        "@yozora/character": "^2.3.13",
        "@yozora/core-tokenizer": "^2.3.13"
      },
      "engines": {
        "node": ">= 16.0.0"
      }
    },
    "node_modules/@yozora/tokenizer-fenced-code": {
      "version": "2.3.13",
      "resolved": "https://registry.npmjs.org/@yozora/tokenizer-fenced-code/-/tokenizer-fenced-code-2.3.13.tgz",
      "integrity": "sha512-ZELmhWkSBu3UNtW/u7hMaFikcHro75prBUOEV56w1q/b8XH0S+QMuIa1cmOtU9tV/NoZVwQm3ekbLfhesJfnLQ==",
      "dependencies": {
        "@yozora/ast": "^2.3.13",
        "@yozora/character": "^2.3.13",
        "@yozora/core-tokenizer": "^2.3.13",
        "@yozora/tokenizer-fenced-block": "^2.3.13"
      },
      "engines": {
        "node": ">= 16.0.0"
      }
    },
    "node_modules/@yozora/tokenizer-footnote": {
      "version": "2.3.13",
      "resolved": "https://registry.npmjs.org/@yozora/tokenizer-footnote/-/tokenizer-footnote-2.3.13.tgz",
      "integrity": "sha512-9f2NMu8k/AdU3KRl7PWgh4SRLS7Ry840jWkqLNTVpoKOfK+wniR5gurv2AzTl3F4WX/t1clx/qX+cUuG8QKNxA==",
      "dependencies": {
        "@yozora/ast": "^2.3.13",
        "@yozora/character": "^2.3.13",
        "@yozora/core-tokenizer": "^2.3.13",
        "@yozora/tokenizer-link": "^2.3.13"
      },
      "engines": {
        "node": ">= 16.0.0"
      }
    },
    "node_modules/@yozora/tokenizer-footnote-definition": {
      "version": "2.3.13",
      "resolved": "https://registry.npmjs.org/@yozora/tokenizer-footnote-definition/-/tokenizer-footnote-definition-2.3.13.tgz",
      "integrity": "sha512-iI6W0jnyyIKd4Y/Io9yFCtu3OPtbjZQDP88eUKUxbVnNgep/GQ41jUAsl9tdU3sI+jnh0VZWgJIFBS1Pw5WV0g==",
      "dependencies": {
        "@yozora/ast": "^2.3.13",
        "@yozora/character": "^2.3.13",
        "@yozora/core-tokenizer": "^2.3.13"
      },
      "engines": {
        "node": ">= 16.0.0"
      }
    },
    "node_modules/@yozora/tokenizer-footnote-reference": {
      "version": "2.3.13",
      "resolved": "https://registry.npmjs.org/@yozora/tokenizer-footnote-reference/-/tokenizer-footnote-reference-2.3.13.tgz",
      "integrity": "sha512-xn3dY7HbN7w/O09P6mjhQwvdo3Rc/8vUWWXjgd94NJD1eY9slsMEmtWTG5ms2hJyj71/e+rbiCO2urBem+tFJQ==",
      "dependencies": {
        "@yozora/ast": "^2.3.13",
        "@yozora/character": "^2.3.13",
        "@yozora/core-tokenizer": "^2.3.13",
        "@yozora/tokenizer-footnote-definition": "^2.3.13"
      },
      "engines": {
        "node": ">= 16.0.0"
      }
    },
    "node_modules/@yozora/tokenizer-heading": {
      "version": "2.3.13",
      "resolved": "https://registry.npmjs.org/@yozora/tokenizer-heading/-/tokenizer-heading-2.3.13.tgz",
      "integrity": "sha512-ig53EoYlqxhPBFuO1D/5NncFawT+294U0cyH4vsrocU4LjeUm8j/iTCLghKkwysS9p55kxGTAus/v3cSM5/a0g==",
      "dependencies": {
        "@yozora/ast": "^2.3.13",
        "@yozora/character": "^2.3.13",
        "@yozora/core-tokenizer": "^2.3.13"
      },
      "engines": {
        "node": ">= 16.0.0"
      }
    },
    "node_modules/@yozora/tokenizer-html-block": {
      "version": "2.3.13",
      "resolved": "https://registry.npmjs.org/@yozora/tokenizer-html-block/-/tokenizer-html-block-2.3.13.tgz",
      "integrity": "sha512-lpjCWN5r8SSJIP/6u9gLKK9pj8UZEL2oMwrBEpSsJmb+hk1pcb9pjshTW/EAMsf8OZm4244T6l3qejwKVc4WJA==",
      "dependencies": {
        "@yozora/ast": "^2.3.13",
        "@yozora/character": "^2.3.13",
        "@yozora/core-tokenizer": "^2.3.13"
      },
      "engines": {
        "node": ">= 16.0.0"
      }
    },
    "node_modules/@yozora/tokenizer-html-inline": {
      "version": "2.3.13",
      "resolved": "https://registry.npmjs.org/@yozora/tokenizer-html-inline/-/tokenizer-html-inline-2.3.13.tgz",
      "integrity": "sha512-X8RgYIqGrKpRDABRQzn4AFC8RNrkcZeyNMe04h3kK8x8uaT/2YN+Y+BeD7DmhrD9VEbFjW9cKExEOti2H4pdig==",
      "dependencies": {
        "@yozora/ast": "^2.3.13",
        "@yozora/character": "^2.3.13",
        "@yozora/core-tokenizer": "^2.3.13",
        "@yozora/tokenizer-html-block": "^2.3.13"
      },
      "engines": {
        "node": ">= 16.0.0"
      }
    },
    "node_modules/@yozora/tokenizer-image": {
      "version": "2.3.13",
      "resolved": "https://registry.npmjs.org/@yozora/tokenizer-image/-/tokenizer-image-2.3.13.tgz",
      "integrity": "sha512-JU8i4Qo4k+/OB/uUgWArZlWP87fHWfww6y2SiDNDSYB5bOmgWRNrlL5jjndc4IaQGpYE1gF+BT+dIEztd5AkMg==",
      "dependencies": {
        "@yozora/ast": "^2.3.13",
        "@yozora/character": "^2.3.13",
        "@yozora/core-tokenizer": "^2.3.13",
        "@yozora/tokenizer-link": "^2.3.13"
      },
      "engines": {
        "node": ">= 16.0.0"
      }
    },
    "node_modules/@yozora/tokenizer-image-reference": {
      "version": "2.3.13",
      "resolved": "https://registry.npmjs.org/@yozora/tokenizer-image-reference/-/tokenizer-image-reference-2.3.13.tgz",
      "integrity": "sha512-FGyb2eqZoWMW9zoKOuZkNp+SA0Kk1WE+RWPJ/u1acN41ObadWulR378qE3AW0Vajnw49yv8jNlUNL5FrZIJ/iw==",
      "dependencies": {
        "@yozora/ast": "^2.3.13",
        "@yozora/character": "^2.3.13",
        "@yozora/core-tokenizer": "^2.3.13",
        "@yozora/tokenizer-image": "^2.3.13",
        "@yozora/tokenizer-link": "^2.3.13",
        "@yozora/tokenizer-link-reference": "^2.3.13"
      },
      "engines": {
        "node": ">= 16.0.0"
      }
    },
    "node_modules/@yozora/tokenizer-indented-code": {
      "version": "2.3.13",
      "resolved": "https://registry.npmjs.org/@yozora/tokenizer-indented-code/-/tokenizer-indented-code-2.3.13.tgz",
      "integrity": "sha512-//K9Z7LlV5beaUXMJqRHK5yYHBMpDq5O09zvfH7qSuHuwSwyiQMaEg/47BxemJ84S4/31c4ezBCLdP8tJBMVYQ==",
      "dependencies": {
        "@yozora/ast": "^2.3.13",
        "@yozora/character": "^2.3.13",
        "@yozora/core-tokenizer": "^2.3.13"
      },
      "engines": {
        "node": ">= 16.0.0"
      }
    },
    "node_modules/@yozora/tokenizer-inline-code": {
      "version": "2.3.13",
      "resolved": "https://registry.npmjs.org/@yozora/tokenizer-inline-code/-/tokenizer-inline-code-2.3.13.tgz",
      "integrity": "sha512-tbGX/OU3wQsm2bScTwzXZcZsAej3hG0AHirdhTSNRtlv9SJvg+Mt9vIBZ4HJ4oV1osIsHLwsuQY+H1I/Zx1wKA==",
      "dependencies": {
        "@yozora/ast": "^2.3.13",
        "@yozora/character": "^2.3.13",
        "@yozora/core-tokenizer": "^2.3.13"
      },
      "engines": {
        "node": ">= 16.0.0"
      }
    },
    "node_modules/@yozora/tokenizer-inline-math": {
      "version": "2.3.13",
      "resolved": "https://registry.npmjs.org/@yozora/tokenizer-inline-math/-/tokenizer-inline-math-2.3.13.tgz",
      "integrity": "sha512-RiqIobBax7iT1DlIVKH9ilmgPnjNKUbtdtRxCoBh3UTsmKst0fKPSsLbR+gC8L8DXl9A2PUB4xSWgjohuSL72A==",
      "dependencies": {
        "@yozora/ast": "^2.3.13",
        "@yozora/character": "^2.3.13",
        "@yozora/core-tokenizer": "^2.3.13"
      },
      "engines": {
        "node": ">= 16.0.0"
      }
    },
    "node_modules/@yozora/tokenizer-link": {
      "version": "2.3.13",
      "resolved": "https://registry.npmjs.org/@yozora/tokenizer-link/-/tokenizer-link-2.3.13.tgz",
      "integrity": "sha512-T8L++u/CfKqgtbEnrEo8rx7I1nhM5ejHZom95JjkDypN7jY0grUAI8vtQaALyh8zJsa4P+rzqiYLIUWaBMyWvA==",
      "dependencies": {
        "@yozora/ast": "^2.3.13",
        "@yozora/character": "^2.3.13",
        "@yozora/core-tokenizer": "^2.3.13"
      },
      "engines": {
        "node": ">= 16.0.0"
      }
    },
    "node_modules/@yozora/tokenizer-link-reference": {
      "version": "2.3.13",
      "resolved": "https://registry.npmjs.org/@yozora/tokenizer-link-reference/-/tokenizer-link-reference-2.3.13.tgz",
      "integrity": "sha512-dfwOPv1xsCaSnH7wNo6VeINy6isVebpO8INUFVK5sZBgRVP/BXeDZi/aVfhu6MOmXWOFYWVSap4DLnoClyPmtQ==",
      "dependencies": {
        "@yozora/ast": "^2.3.13",
        "@yozora/character": "^2.3.13",
        "@yozora/core-tokenizer": "^2.3.13",
        "@yozora/tokenizer-link": "^2.3.13"
      },
      "engines": {
        "node": ">= 16.0.0"
      }
    },
    "node_modules/@yozora/tokenizer-list": {
      "version": "2.3.13",
      "resolved": "https://registry.npmjs.org/@yozora/tokenizer-list/-/tokenizer-list-2.3.13.tgz",
      "integrity": "sha512-BAPjhIoT1nGUiBaAyCtXBaUvcbPQ5BqcZEeOM3aRqu51gD3Gj0q39XNOxVW6oXwmbFIfQUYKBCVpDYBukesTqQ==",
      "dependencies": {
        "@yozora/ast": "^2.3.13",
        "@yozora/character": "^2.3.13",
        "@yozora/core-tokenizer": "^2.3.13"
      },
      "engines": {
        "node": ">= 16.0.0"
      }
    },
    "node_modules/@yozora/tokenizer-math": {
      "version": "2.3.13",
      "resolved": "https://registry.npmjs.org/@yozora/tokenizer-math/-/tokenizer-math-2.3.13.tgz",
      "integrity": "sha512-1RJs0TkbMQIHidZVURKVwdDImZnlTxEN5261mlsDf+bzSBug0Jn7z7yvfD4GnBm8Ck7JuQcG9LeaCjAMl92nhQ==",
      "dependencies": {
        "@yozora/ast": "^2.3.13",
        "@yozora/character": "^2.3.13",
        "@yozora/core-tokenizer": "^2.3.13",
        "@yozora/tokenizer-fenced-block": "^2.3.13"
      },
      "engines": {
        "node": ">= 16.0.0"
      }
    },
    "node_modules/@yozora/tokenizer-paragraph": {
      "version": "2.3.13",
      "resolved": "https://registry.npmjs.org/@yozora/tokenizer-paragraph/-/tokenizer-paragraph-2.3.13.tgz",
      "integrity": "sha512-BsgvFi4a2yaVbaOSclVBxv01DlBeylEUAMlm6l4sB7l0E8NrCprviOra8S7BpAEiAO8EsTY3JtoFOus8yfvZ6g==",
      "dependencies": {
        "@yozora/ast": "^2.3.13",
        "@yozora/character": "^2.3.13",
        "@yozora/core-tokenizer": "^2.3.13"
      },
      "engines": {
        "node": ">= 16.0.0"
      }
    },
    "node_modules/@yozora/tokenizer-setext-heading": {
      "version": "2.3.13",
      "resolved": "https://registry.npmjs.org/@yozora/tokenizer-setext-heading/-/tokenizer-setext-heading-2.3.13.tgz",
      "integrity": "sha512-PQ+aTKC3s8WCO5vLyGDdKKqrsJxcy0bQ8HSHkSSMbF1qWvHW1lNl7IVBMx4oFf5wx9VYLgAC+jy4pSB9qe8wgg==",
      "dependencies": {
        "@yozora/ast": "^2.3.13",
        "@yozora/character": "^2.3.13",
        "@yozora/core-tokenizer": "^2.3.13"
      },
      "engines": {
        "node": ">= 16.0.0"
      }
    },
    "node_modules/@yozora/tokenizer-table": {
      "version": "2.3.13",
      "resolved": "https://registry.npmjs.org/@yozora/tokenizer-table/-/tokenizer-table-2.3.13.tgz",
      "integrity": "sha512-Geszt5VdGCClTvZFBLLdAxArXG2M1uwGEFEhb7ZwlCUcEK9+Sgb0IzrXibtSgr21vYUHOLrxxubj3UyKSvMICQ==",
      "dependencies": {
        "@yozora/ast": "^2.3.13",
        "@yozora/character": "^2.3.13",
        "@yozora/core-tokenizer": "^2.3.13"
      },
      "engines": {
        "node": ">= 16.0.0"
      }
    },
    "node_modules/@yozora/tokenizer-text": {
      "version": "2.3.13",
      "resolved": "https://registry.npmjs.org/@yozora/tokenizer-text/-/tokenizer-text-2.3.13.tgz",
      "integrity": "sha512-BOPGTE7Q3SubKvjwiqNS+nzRJ/7qdTMxL7lt0ZmSwK6FoIYCkVNgE6Kqp/nOI384+FKDwkEXfDWuEw6/+IUeqA==",
      "dependencies": {
        "@yozora/ast": "^2.3.13",
        "@yozora/character": "^2.3.13",
        "@yozora/core-tokenizer": "^2.3.13"
      },
      "engines": {
        "node": ">= 16.0.0"
      }
    },
    "node_modules/@yozora/tokenizer-thematic-break": {
      "version": "2.3.13",
      "resolved": "https://registry.npmjs.org/@yozora/tokenizer-thematic-break/-/tokenizer-thematic-break-2.3.13.tgz",
      "integrity": "sha512-MyG5PjKAzzw0w3ZPthm6sDuCS5Y0qAyIsWjlX5t8HKKGAKSTotS6Sjr+l+mxX5tU20dFMxx7g+oSwlofcLSZaA==",
      "dependencies": {
        "@yozora/ast": "^2.3.13",
        "@yozora/character": "^2.3.13",
        "@yozora/core-tokenizer": "^2.3.13"
      },
      "engines": {
        "node": ">= 16.0.0"
      }
    },
    "node_modules/char-regex": {
      "version": "1.0.2",
      "resolved": "https://registry.npmjs.org/char-regex/-/char-regex-1.0.2.tgz",
      "integrity": "sha512-kWWXztvZ5SBQV+eRgKFeh8q5sLuZY2+8WUIzlxWVTg+oGwY14qylx1KbKzHd8P6ZYkAg0xyIDU9JMHhyJMZ1jw==",
      "engines": {
        "node": ">=10"
      }
    },
    "node_modules/emojilib": {
      "version": "2.4.0",
      "resolved": "https://registry.npmjs.org/emojilib/-/emojilib-2.4.0.tgz",
      "integrity": "sha512-5U0rVMU5Y2n2+ykNLQqMoqklN9ICBT/KsvC1Gz6vqHbz2AXXGkG+Pm5rMWk/8Vjrr/mY9985Hi8DYzn1F09Nyw=="
    },
    "node_modules/js-tokens": {
      "version": "4.0.0",
      "resolved": "https://registry.npmjs.org/js-tokens/-/js-tokens-4.0.0.tgz",
      "integrity": "sha512-RdJUflcE3cUzKiMqQgsCu06FPu9UdIJO0beYbPhHN4k6apgJtifcoCtT9bcxOpYBtpD2kCM6Sbzg4CausW/PKQ=="
    },
    "node_modules/loose-envify": {
      "version": "1.4.0",
      "resolved": "https://registry.npmjs.org/loose-envify/-/loose-envify-1.4.0.tgz",
      "integrity": "sha512-lyuxPGr/Wfhrlem2CL/UcnUc1zcqKAImBDzukY7Y5F/yQiNdko6+fRLevlw1HgMySw7f611UIY408EtxRSoK3Q==",
      "dependencies": {
        "js-tokens": "^3.0.0 || ^4.0.0"
      },
      "bin": {
        "loose-envify": "cli.js"
      }
    },
    "node_modules/node-emoji": {
      "version": "2.2.0",
      "resolved": "https://registry.npmjs.org/node-emoji/-/node-emoji-2.2.0.tgz",
      "integrity": "sha512-Z3lTE9pLaJF47NyMhd4ww1yFTAP8YhYI8SleJiHzM46Fgpm5cnNzSl9XfzFNqbaz+VlJrIj3fXQ4DeN1Rjm6cw==",
      "dependencies": {
        "@sindresorhus/is": "^4.6.0",
        "char-regex": "^1.0.2",
        "emojilib": "^2.4.0",
        "skin-tone": "^2.0.0"
      },
      "engines": {
        "node": ">=18"
      }
    },
    "node_modules/react": {
      "version": "18.3.1",
      "resolved": "https://registry.npmjs.org/react/-/react-18.3.1.tgz",
      "integrity": "sha512-wS+hAgJShR0KhEvPJArfuPVN1+Hz1t0Y6n5jLrGQbkb4urgPE/0Rve+1kMB1v/oWgHgm4WIcV+i7F2pTVj+2iQ==",
      "dependencies": {
        "loose-envify": "^1.1.0"
      },
      "engines": {
        "node": ">=0.10.0"
      }
    },
    "node_modules/react-dom": {
      "version": "18.3.1",
      "resolved": "https://registry.npmjs.org/react-dom/-/react-dom-18.3.1.tgz",
      "integrity": "sha512-5m4nQKp+rZRb09LNH59GM4BxTh9251/ylbKIbpe7TpGxfJ+9kv6BLkLBXIjjspbgbnIBNqlI23tRnTWT0snUIw==",
      "dependencies": {
        "loose-envify": "^1.1.0",
        "scheduler": "^0.23.2"
      },
      "peerDependencies": {
        "react": "^18.3.1"
      }
    },
    "node_modules/scheduler": {
      "version": "0.23.2",
      "resolved": "https://registry.npmjs.org/scheduler/-/scheduler-0.23.2.tgz",
      "integrity": "sha512-UOShsPwz7NrMUqhR6t0hWjFduvOzbtv7toDH1/hIrfRNIDBnnBWd0CwJTGvTpngVlmwGCdP9/Zl/tVrDqcuYzQ==",
      "dependencies": {
        "loose-envify": "^1.1.0"
      }
    },
    "node_modules/skin-tone": {
      "version": "2.0.0",
      "resolved": "https://registry.npmjs.org/skin-tone/-/skin-tone-2.0.0.tgz",
      "integrity": "sha512-kUMbT1oBJCpgrnKoSr0o6wPtvRWT9W9UKvGLwfJYO2WuahZRHOpEyL1ckyMGgMWh0UdpmaoFqKKD29WTomNEGA==",
      "dependencies": {
        "unicode-emoji-modifier-base": "^1.0.0"
      },
      "engines": {
        "node": ">=8"
      }
    },
    "node_modules/slack-blocks-to-jsx": {
      "version": "0.8.6",
      "resolved": "https://registry.npmjs.org/slack-blocks-to-jsx/-/slack-blocks-to-jsx-0.8.6.tgz",
      "integrity": "sha512-e6ms69YPGETQKneyS/qvrCQ6bThvmuylWs2Kmb8KCgAD+vk0U75bqOfL7ZhFpMyvEA12qYhJzeK5EANDluvxQg==",
      "dependencies": {
        "@yozora/ast": "^2.3.2",
        "@yozora/character": "^2.3.2",
        "@yozora/core-tokenizer": "^2.3.2",
        "@yozora/parser": "^2.3.2",
        "node-emoji": "^2.1.3"
      },
      "peerDependencies": {
        "react": "^17 || ^18 || ^19",
        "react-dom": "^17 || ^18 || ^19"
      }
    },
    "node_modules/unicode-emoji-modifier-base": {
      "version": "1.0.0",
      "resolved": "https://registry.npmjs.org/unicode-emoji-modifier-base/-/unicode-emoji-modifier-base-1.0.0.tgz",
      "integrity": "sha512-yLSH4py7oFH3oG/9K+XWrz1pSi3dfUrWEnInbxMfArOfc1+33BlGPQtLsOYwvdMy11AwUBetYuaRxSPqgkq+8g==",
      "engines": {
        "node": ">=4"
      }
    }
  },
  "dependencies": {
    "@sindresorhus/is": {
      "version": "4.6.0",
      "resolved": "https://registry.npmjs.org/@sindresorhus/is/-/is-4.6.0.tgz",
      "integrity": "sha512-t09vSN3MdfsyCHoFcTRCH/iUtG7OJ0CsjzB8cjAmKc/va/kIgeDI/TxsigdncE/4be734m0cvIYwNaV4i2XqAw=="
    },
    "@yozora/ast": {
      "version": "2.3.13",
      "resolved": "https://registry.npmjs.org/@yozora/ast/-/ast-2.3.13.tgz",
      "integrity": "sha512-eXOoQ0yQXRdBo8gKbMi5yf4HAmOS9jOqjnC+xtwzv1t0vUqpWgrdz0D8J7S78u9K7yP0dgDSbNm6mwcTBtlVsQ=="
    },
    "@yozora/ast-util": {
      "version": "2.3.13",
      "resolved": "https://registry.npmjs.org/@yozora/ast-util/-/ast-util-2.3.13.tgz",
      "integrity": "sha512-seSvk1Ndbxz50PA0hzUkcyh5TzPAexSB9608nkTItwjeyJKr2pUGxOu+WOy9BpYQynFaTYoefW51KTAwqSqmOw==",
      "requires": {
        "@yozora/ast": "^2.3.13",
        "@yozora/character": "^2.3.13"
      }
    },
    "@yozora/character": {
      "version": "2.3.13",
      "resolved": "https://registry.npmjs.org/@yozora/character/-/character-2.3.13.tgz",
      "integrity": "sha512-+Xr3Rq2RE06kitgPPQQIXSNQjloaOD9mG2Q6xjC94/+XNMrrP+AcviKwJWP3HAiY66n9o1J1nLHe7ytxIE/mfg=="
    },
    "@yozora/core-parser": {
      "version": "2.3.13",
      "resolved": "https://registry.npmjs.org/@yozora/core-parser/-/core-parser-2.3.13.tgz",
      "integrity": "sha512-pC899m5tPlDD9jd+VfKp0wr0rRAV7x3JJ4h/LeO9vUejA+DBl6PLK4No7FLzVSNd4kZMB2qSkyIyWygAi7uIoA==",
      "requires": {
        "@yozora/ast": "^2.3.13",
        "@yozora/ast-util": "^2.3.13",
        "@yozora/character": "^2.3.13",
        "@yozora/core-tokenizer": "^2.3.13",
        "@yozora/invariant": "^2.3.13"
      }
    },
    "@yozora/core-tokenizer": {
      "version": "2.3.13",
      "resolved": "https://registry.npmjs.org/@yozora/core-tokenizer/-/core-tokenizer-2.3.13.tgz",
      "integrity": "sha512-Azk94/pcHBd5ppvHBWEjR59igel9ESCIiGsI9PBurrXE0orIo8VyV6kr4V+ItwG//RbpUsnmzldndgKId89TPw==",
      "requires": {
        "@yozora/ast": "^2.3.13",
        "@yozora/character": "^2.3.13"
      }
    },
    "@yozora/invariant": {
      "version": "2.3.13",
      "resolved": "https://registry.npmjs.org/@yozora/invariant/-/invariant-2.3.13.tgz",
      "integrity": "sha512-c9Z3EQKEpnaZyZUnsrkpkTH8OAUPUCLXLdbptFiHOHicJELGZ3JctTsAXY2fyNt1nqCilVRpTs0pzKMSwnwMLw=="
    },
    "@yozora/parser": {
      "version": "2.3.13",
      "resolved": "https://registry.npmjs.org/@yozora/parser/-/parser-2.3.13.tgz",
      "integrity": "sha512-WfZjS0GEFoi5kuKEmUGNKbX64rmCY3acTwj/1GwcUcxZLe/S4B4dPZ7O1Q8xohFCAw90iToMGavg4BdBHFW98g==",
      "requires": {
        "@yozora/ast": "^2.3.13",
        "@yozora/core-parser": "^2.3.13",
        "@yozora/tokenizer-admonition": "^2.3.13",
        "@yozora/tokenizer-autolink": "^2.3.13",
        "@yozora/tokenizer-autolink-extension": "^2.3.13",
        "@yozora/tokenizer-blockquote": "^2.3.13",
        "@yozora/tokenizer-break": "^2.3.13",
        "@yozora/tokenizer-definition": "^2.3.13",
        "@yozora/tokenizer-delete": "^2.3.13",
        "@yozora/tokenizer-ecma-import": "^2.3.13",
        "@yozora/tokenizer-emphasis": "^2.3.13",
        "@yozora/tokenizer-fenced-code": "^2.3.13",
        "@yozora/tokenizer-footnote": "^2.3.13",
        "@yozora/tokenizer-footnote-definition": "^2.3.13",
        "@yozora/tokenizer-footnote-reference": "^2.3.13",
        "@yozora/tokenizer-heading": "^2.3.13",
        "@yozora/tokenizer-html-block": "^2.3.13",
        "@yozora/tokenizer-html-inline": "^2.3.13",
        "@yozora/tokenizer-image": "^2.3.13",
        "@yozora/tokenizer-image-reference": "^2.3.13",
        "@yozora/tokenizer-indented-code": "^2.3.13",
        "@yozora/tokenizer-inline-code": "^2.3.13",
        "@yozora/tokenizer-inline-math": "^2.3.13",
        "@yozora/tokenizer-link": "^2.3.13",
        "@yozora/tokenizer-link-reference": "^2.3.13",
        "@yozora/tokenizer-list": "^2.3.13",
        "@yozora/tokenizer-math": "^2.3.13",
        "@yozora/tokenizer-paragraph": "^2.3.13",
        "@yozora/tokenizer-setext-heading": "^2.3.13",
        "@yozora/tokenizer-table": "^2.3.13",
        "@yozora/tokenizer-text": "^2.3.13",
        "@yozora/tokenizer-thematic-break": "^2.3.13"
      }
    },
    "@yozora/tokenizer-admonition": {
      "version": "2.3.13",
      "resolved": "https://registry.npmjs.org/@yozora/tokenizer-admonition/-/tokenizer-admonition-2.3.13.tgz",
      "integrity": "sha512-8BBi1pt3Vk9sfUlr3t3DkDNW+v3o8WstsIB+eMc2Ss+vTayIj8JugKuhZq2FVs+30sAo1KIFeNyLVdhMjpB0gw==",
      "requires": {
        "@yozora/ast": "^2.3.13",
        "@yozora/character": "^2.3.13",
        "@yozora/core-tokenizer": "^2.3.13",
        "@yozora/tokenizer-fenced-block": "^2.3.13"
      }
    },
    "@yozora/tokenizer-autolink": {
      "version": "2.3.13",
      "resolved": "https://registry.npmjs.org/@yozora/tokenizer-autolink/-/tokenizer-autolink-2.3.13.tgz",
      "integrity": "sha512-8sGApkzBd0JVMEKNVyxw1XufZlyEeYyfjQW2fFBSI+E4mE8w1EYZQKc+6dOe1aJnnvZ0BdUM5Pm2fBZdwkRdbQ==",
      "requires": {
        "@yozora/ast": "^2.3.13",
        "@yozora/character": "^2.3.13",
        "@yozora/core-tokenizer": "^2.3.13"
      }
    },
    "@yozora/tokenizer-autolink-extension": {
      "version": "2.3.13",
      "resolved": "https://registry.npmjs.org/@yozora/tokenizer-autolink-extension/-/tokenizer-autolink-extension-2.3.13.tgz",
      "integrity": "sha512-JNG274pNnf3aGle7bi13kHVT8eSehSJVdfml4+B129eJjvntieqwSNCOh7J5OJp4dCPr/otMjvvAOKoAwHR3kA==",
      "requires": {
        "@yozora/ast": "^2.3.13",
        "@yozora/character": "^2.3.13",
        "@yozora/core-tokenizer": "^2.3.13",
        "@yozora/tokenizer-autolink": "^2.3.13"
      }
    },
    "@yozora/tokenizer-blockquote": {
      "version": "2.3.13",
      "resolved": "https://registry.npmjs.org/@yozora/tokenizer-blockquote/-/tokenizer-blockquote-2.3.13.tgz",
      "integrity": "sha512-JF8TsPrAMMbAJdej+krQqdxoMaq4xJNSIeATpRiBg0B061HgNB0tY/MlbDyJWexqpiQnkw14S8tZwNhzGfC/pw==",
      "requires": {
        "@yozora/ast": "^2.3.13",
        "@yozora/character": "^2.3.13",
        "@yozora/core-tokenizer": "^2.3.13"
      }
    },
    "@yozora/tokenizer-break": {
      "version": "2.3.13",
      "resolved": "https://registry.npmjs.org/@yozora/tokenizer-break/-/tokenizer-break-2.3.13.tgz",
      "integrity": "sha512-ufIMhnflz9Nwbb+k0U4vQye4j/66z0+WYxxUvey4p/MJnwr8jvpG0/Rm5rij5ypN2B5iSFywdQrhv1/gk2ma9Q==",
      "requires": {
        "@yozora/ast": "^2.3.13",
        "@yozora/character": "^2.3.13",
        "@yozora/core-tokenizer": "^2.3.13"
      }
    },
    "@yozora/tokenizer-definition": {
      "version": "2.3.13",
      "resolved": "https://registry.npmjs.org/@yozora/tokenizer-definition/-/tokenizer-definition-2.3.13.tgz",
      "integrity": "sha512-JGDwBR4jYfrKB5sHpPJaegmbscMrNYCliSB4Sc5+RkWw19PJ/OSrKzCMJC5crFjpE5sAahP89xvb0ojsBsJiuA==",
      "requires": {
        "@yozora/ast": "^2.3.13",
        "@yozora/character": "^2.3.13",
        "@yozora/core-tokenizer": "^2.3.13"
      }
    },
    "@yozora/tokenizer-delete": {
      "version": "2.3.13",
      "resolved": "https://registry.npmjs.org/@yozora/tokenizer-delete/-/tokenizer-delete-2.3.13.tgz",
      "integrity": "sha512-jBMwgf1OVgqFjVaoEtHtRCtNAoAA0oL9QMAqfbiAGEOzSz9vtEYDzhWC2/gYoITKuSyMmwKU41hzwrLLP6HVIw==",
      "requires": {
        "@yozora/ast": "^2.3.13",
        "@yozora/character": "^2.3.13",
        "@yozora/core-tokenizer": "^2.3.13"
      }
    },
    "@yozora/tokenizer-ecma-import": {
      "version": "2.3.13",
      "resolved": "https://registry.npmjs.org/@yozora/tokenizer-ecma-import/-/tokenizer-ecma-import-2.3.13.tgz",
      "integrity": "sha512-zFBuX7JXSoDri2xyNCb1dHgSD3G7fTv1qKtwagw7dASczmSZ0XR0q5/QkMeApnfHd3mf68rGE50/5oyahhNOXA==",
      "requires": {
        "@yozora/ast": "^2.3.13",
        "@yozora/character": "^2.3.13",
        "@yozora/core-tokenizer": "^2.3.13"
      }
    },
    "@yozora/tokenizer-emphasis": {
      "version": "2.3.13",
      "resolved": "https://registry.npmjs.org/@yozora/tokenizer-emphasis/-/tokenizer-emphasis-2.3.13.tgz",
      "integrity": "sha512-DLTpoNevZP8YN2SRU4zp2Tca1D1NVLnLGHwsBGM+8QHITtG1xbBNXaPmHByDB+WhHGc3TKp9rR/B6lYBTVrpVw==",
      "requires": {
        "@yozora/ast": "^2.3.13",
        "@yozora/character": "^2.3.13",
        "@yozora/core-tokenizer": "^2.3.13"
      }
    },
    "@yozora/tokenizer-fenced-block": {
      "version": "2.3.13",
      "resolved": "https://registry.npmjs.org/@yozora/tokenizer-fenced-block/-/tokenizer-fenced-block-2.3.13.tgz",
      "integrity": "sha512-/YyfzdqpcyLOfYbzaGJ6Vob3hpeqUJg45xdNcwQK3iGHvpZ0TLKH3Ku3BD5zhA6NIHoY76mKeV8hcwT+UGt9Ig==",
      "requires": {
        "@yozora/ast": "^2.3.13",
        "@yozora/character": "^2.3.13",
        "@yozora/core-tokenizer": "^2.3.13"
      }
    },
    "@yozora/tokenizer-fenced-code": {
      "version": "2.3.13",
      "resolved": "https://registry.npmjs.org/@yozora/tokenizer-fenced-code/-/tokenizer-fenced-code-2.3.13.tgz",
      "integrity": "sha512-ZELmhWkSBu3UNtW/u7hMaFikcHro75prBUOEV56w1q/b8XH0S+QMuIa1cmOtU9tV/NoZVwQm3ekbLfhesJfnLQ==",
      "requires": {
        "@yozora/ast": "^2.3.13",
        "@yozora/character": "^2.3.13",
        "@yozora/core-tokenizer": "^2.3.13",
        "@yozora/tokenizer-fenced-block": "^2.3.13"
      }
    },
    "@yozora/tokenizer-footnote": {
      "version": "2.3.13",
      "resolved": "https://registry.npmjs.org/@yozora/tokenizer-footnote/-/tokenizer-footnote-2.3.13.tgz",
      "integrity": "sha512-9f2NMu8k/AdU3KRl7PWgh4SRLS7Ry840jWkqLNTVpoKOfK+wniR5gurv2AzTl3F4WX/t1clx/qX+cUuG8QKNxA==",
      "requires": {
        "@yozora/ast": "^2.3.13",
        "@yozora/character": "^2.3.13",
        "@yozora/core-tokenizer": "^2.3.13",
        "@yozora/tokenizer-link": "^2.3.13"
      }
    },
    "@yozora/tokenizer-footnote-definition": {
      "version": "2.3.13",
      "resolved": "https://registry.npmjs.org/@yozora/tokenizer-footnote-definition/-/tokenizer-footnote-definition-2.3.13.tgz",
      "integrity": "sha512-iI6W0jnyyIKd4Y/Io9yFCtu3OPtbjZQDP88eUKUxbVnNgep/GQ41jUAsl9tdU3sI+jnh0VZWgJIFBS1Pw5WV0g==",
      "requires": {
        "@yozora/ast": "^2.3.13",
        "@yozora/character": "^2.3.13",
        "@yozora/core-tokenizer": "^2.3.13"
      }
    },
    "@yozora/tokenizer-footnote-reference": {
      "version": "2.3.13",
      "resolved": "https://registry.npmjs.org/@yozora/tokenizer-footnote-reference/-/tokenizer-footnote-reference-2.3.13.tgz",
      "integrity": "sha512-xn3dY7HbN7w/O09P6mjhQwvdo3Rc/8vUWWXjgd94NJD1eY9slsMEmtWTG5ms2hJyj71/e+rbiCO2urBem+tFJQ==",
      "requires": {
        "@yozora/ast": "^2.3.13",
        "@yozora/character": "^2.3.13",
        "@yozora/core-tokenizer": "^2.3.13",
        "@yozora/tokenizer-footnote-definition": "^2.3.13"
      }
    },
    "@yozora/tokenizer-heading": {
      "version": "2.3.13",
      "resolved": "https://registry.npmjs.org/@yozora/tokenizer-heading/-/tokenizer-heading-2.3.13.tgz",
      "integrity": "sha512-ig53EoYlqxhPBFuO1D/5NncFawT+294U0cyH4vsrocU4LjeUm8j/iTCLghKkwysS9p55kxGTAus/v3cSM5/a0g==",
      "requires": {
        "@yozora/ast": "^2.3.13",
        "@yozora/character": "^2.3.13",
        "@yozora/core-tokenizer": "^2.3.13"
      }
    },
    "@yozora/tokenizer-html-block": {
      "version": "2.3.13",
      "resolved": "https://registry.npmjs.org/@yozora/tokenizer-html-block/-/tokenizer-html-block-2.3.13.tgz",
      "integrity": "sha512-lpjCWN5r8SSJIP/6u9gLKK9pj8UZEL2oMwrBEpSsJmb+hk1pcb9pjshTW/EAMsf8OZm4244T6l3qejwKVc4WJA==",
      "requires": {
        "@yozora/ast": "^2.3.13",
        "@yozora/character": "^2.3.13",
        "@yozora/core-tokenizer": "^2.3.13"
      }
    },
    "@yozora/tokenizer-html-inline": {
      "version": "2.3.13",
      "resolved": "https://registry.npmjs.org/@yozora/tokenizer-html-inline/-/tokenizer-html-inline-2.3.13.tgz",
      "integrity": "sha512-X8RgYIqGrKpRDABRQzn4AFC8RNrkcZeyNMe04h3kK8x8uaT/2YN+Y+BeD7DmhrD9VEbFjW9cKExEOti2H4pdig==",
      "requires": {
        "@yozora/ast": "^2.3.13",
        "@yozora/character": "^2.3.13",
        "@yozora/core-tokenizer": "^2.3.13",
        "@yozora/tokenizer-html-block": "^2.3.13"
      }
    },
    "@yozora/tokenizer-image": {
      "version": "2.3.13",
      "resolved": "https://registry.npmjs.org/@yozora/tokenizer-image/-/tokenizer-image-2.3.13.tgz",
      "integrity": "sha512-JU8i4Qo4k+/OB/uUgWArZlWP87fHWfww6y2SiDNDSYB5bOmgWRNrlL5jjndc4IaQGpYE1gF+BT+dIEztd5AkMg==",
      "requires": {
        "@yozora/ast": "^2.3.13",
        "@yozora/character": "^2.3.13",
        "@yozora/core-tokenizer": "^2.3.13",
        "@yozora/tokenizer-link": "^2.3.13"
      }
    },
    "@yozora/tokenizer-image-reference": {
      "version": "2.3.13",
      "resolved": "https://registry.npmjs.org/@yozora/tokenizer-image-reference/-/tokenizer-image-reference-2.3.13.tgz",
      "integrity": "sha512-FGyb2eqZoWMW9zoKOuZkNp+SA0Kk1WE+RWPJ/u1acN41ObadWulR378qE3AW0Vajnw49yv8jNlUNL5FrZIJ/iw==",
      "requires": {
        "@yozora/ast": "^2.3.13",
        "@yozora/character": "^2.3.13",
        "@yozora/core-tokenizer": "^2.3.13",
        "@yozora/tokenizer-image": "^2.3.13",
        "@yozora/tokenizer-link": "^2.3.13",
        "@yozora/tokenizer-link-reference": "^2.3.13"
      }
    },
    "@yozora/tokenizer-indented-code": {
      "version": "2.3.13",
      "resolved": "https://registry.npmjs.org/@yozora/tokenizer-indented-code/-/tokenizer-indented-code-2.3.13.tgz",
      "integrity": "sha512-//K9Z7LlV5beaUXMJqRHK5yYHBMpDq5O09zvfH7qSuHuwSwyiQMaEg/47BxemJ84S4/31c4ezBCLdP8tJBMVYQ==",
      "requires": {
        "@yozora/ast": "^2.3.13",
        "@yozora/character": "^2.3.13",
        "@yozora/core-tokenizer": "^2.3.13"
      }
    },
    "@yozora/tokenizer-inline-code": {
      "version": "2.3.13",
      "resolved": "https://registry.npmjs.org/@yozora/tokenizer-inline-code/-/tokenizer-inline-code-2.3.13.tgz",
      "integrity": "sha512-tbGX/OU3wQsm2bScTwzXZcZsAej3hG0AHirdhTSNRtlv9SJvg+Mt9vIBZ4HJ4oV1osIsHLwsuQY+H1I/Zx1wKA==",
      "requires": {
        "@yozora/ast": "^2.3.13",
        "@yozora/character": "^2.3.13",
        "@yozora/core-tokenizer": "^2.3.13"
      }
    },
    "@yozora/tokenizer-inline-math": {
      "version": "2.3.13",
      "resolved": "https://registry.npmjs.org/@yozora/tokenizer-inline-math/-/tokenizer-inline-math-2.3.13.tgz",
      "integrity": "sha512-RiqIobBax7iT1DlIVKH9ilmgPnjNKUbtdtRxCoBh3UTsmKst0fKPSsLbR+gC8L8DXl9A2PUB4xSWgjohuSL72A==",
      "requires": {
        "@yozora/ast": "^2.3.13",
        "@yozora/character": "^2.3.13",
        "@yozora/core-tokenizer": "^2.3.13"
      }
    },
    "@yozora/tokenizer-link": {
      "version": "2.3.13",
      "resolved": "https://registry.npmjs.org/@yozora/tokenizer-link/-/tokenizer-link-2.3.13.tgz",
      "integrity": "sha512-T8L++u/CfKqgtbEnrEo8rx7I1nhM5ejHZom95JjkDypN7jY0grUAI8vtQaALyh8zJsa4P+rzqiYLIUWaBMyWvA==",
      "requires": {
        "@yozora/ast": "^2.3.13",
        "@yozora/character": "^2.3.13",
        "@yozora/core-tokenizer": "^2.3.13"
      }
    },
    "@yozora/tokenizer-link-reference": {
      "version": "2.3.13",
      "resolved": "https://registry.npmjs.org/@yozora/tokenizer-link-reference/-/tokenizer-link-reference-2.3.13.tgz",
      "integrity": "sha512-dfwOPv1xsCaSnH7wNo6VeINy6isVebpO8INUFVK5sZBgRVP/BXeDZi/aVfhu6MOmXWOFYWVSap4DLnoClyPmtQ==",
      "requires": {
        "@yozora/ast": "^2.3.13",
        "@yozora/character": "^2.3.13",
        "@yozora/core-tokenizer": "^2.3.13",
        "@yozora/tokenizer-link": "^2.3.13"
      }
    },
    "@yozora/tokenizer-list": {
      "version": "2.3.13",
      "resolved": "https://registry.npmjs.org/@yozora/tokenizer-list/-/tokenizer-list-2.3.13.tgz",
      "integrity": "sha512-BAPjhIoT1nGUiBaAyCtXBaUvcbPQ5BqcZEeOM3aRqu51gD3Gj0q39XNOxVW6oXwmbFIfQUYKBCVpDYBukesTqQ==",
      "requires": {
        "@yozora/ast": "^2.3.13",
        "@yozora/character": "^2.3.13",
        "@yozora/core-tokenizer": "^2.3.13"
      }
    },
    "@yozora/tokenizer-math": {
      "version": "2.3.13",
      "resolved": "https://registry.npmjs.org/@yozora/tokenizer-math/-/tokenizer-math-2.3.13.tgz",
      "integrity": "sha512-1RJs0TkbMQIHidZVURKVwdDImZnlTxEN5261mlsDf+bzSBug0Jn7z7yvfD4GnBm8Ck7JuQcG9LeaCjAMl92nhQ==",
      "requires": {
        "@yozora/ast": "^2.3.13",
        "@yozora/character": "^2.3.13",
        "@yozora/core-tokenizer": "^2.3.13",
        "@yozora/tokenizer-fenced-block": "^2.3.13"
      }
    },
    "@yozora/tokenizer-paragraph": {
      "version": "2.3.13",
      "resolved": "https://registry.npmjs.org/@yozora/tokenizer-paragraph/-/tokenizer-paragraph-2.3.13.tgz",
      "integrity": "sha512-BsgvFi4a2yaVbaOSclVBxv01DlBeylEUAMlm6l4sB7l0E8NrCprviOra8S7BpAEiAO8EsTY3JtoFOus8yfvZ6g==",
      "requires": {
        "@yozora/ast": "^2.3.13",
        "@yozora/character": "^2.3.13",
        "@yozora/core-tokenizer": "^2.3.13"
      }
    },
    "@yozora/tokenizer-setext-heading": {
      "version": "2.3.13",
      "resolved": "https://registry.npmjs.org/@yozora/tokenizer-setext-heading/-/tokenizer-setext-heading-2.3.13.tgz",
      "integrity": "sha512-PQ+aTKC3s8WCO5vLyGDdKKqrsJxcy0bQ8HSHkSSMbF1qWvHW1lNl7IVBMx4oFf5wx9VYLgAC+jy4pSB9qe8wgg==",
      "requires": {
        "@yozora/ast": "^2.3.13",
        "@yozora/character": "^2.3.13",
        "@yozora/core-tokenizer": "^2.3.13"
      }
    },
    "@yozora/tokenizer-table": {
      "version": "2.3.13",
      "resolved": "https://registry.npmjs.org/@yozora/tokenizer-table/-/tokenizer-table-2.3.13.tgz",
      "integrity": "sha512-Geszt5VdGCClTvZFBLLdAxArXG2M1uwGEFEhb7ZwlCUcEK9+Sgb0IzrXibtSgr21vYUHOLrxxubj3UyKSvMICQ==",
      "requires": {
        "@yozora/ast": "^2.3.13",
        "@yozora/character": "^2.3.13",
        "@yozora/core-tokenizer": "^2.3.13"
      }
    },
    "@yozora/tokenizer-text": {
      "version": "2.3.13",
      "resolved": "https://registry.npmjs.org/@yozora/tokenizer-text/-/tokenizer-text-2.3.13.tgz",
      "integrity": "sha512-BOPGTE7Q3SubKvjwiqNS+nzRJ/7qdTMxL7lt0ZmSwK6FoIYCkVNgE6Kqp/nOI384+FKDwkEXfDWuEw6/+IUeqA==",
      "requires": {
        "@yozora/ast": "^2.3.13",
        "@yozora/character": "^2.3.13",
        "@yozora/core-tokenizer": "^2.3.13"
      }
    },
    "@yozora/tokenizer-thematic-break": {
      "version": "2.3.13",
      "resolved": "https://registry.npmjs.org/@yozora/tokenizer-thematic-break/-/tokenizer-thematic-break-2.3.13.tgz",
      "integrity": "sha512-MyG5PjKAzzw0w3ZPthm6sDuCS5Y0qAyIsWjlX5t8HKKGAKSTotS6Sjr+l+mxX5tU20dFMxx7g+oSwlofcLSZaA==",
      "requires": {
        "@yozora/ast": "^2.3.13",
        "@yozora/character": "^2.3.13",
        "@yozora/core-tokenizer": "^2.3.13"
      }
    },
    "char-regex": {
      "version": "1.0.2",
      "resolved": "https://registry.npmjs.org/char-regex/-/char-regex-1.0.2.tgz",
      "integrity": "sha512-kWWXztvZ5SBQV+eRgKFeh8q5sLuZY2+8WUIzlxWVTg+oGwY14qylx1KbKzHd8P6ZYkAg0xyIDU9JMHhyJMZ1jw=="
    },
    "emojilib": {
      "version": "2.4.0",
      "resolved": "https://registry.npmjs.org/emojilib/-/emojilib-2.4.0.tgz",
      "integrity": "sha512-5U0rVMU5Y2n2+ykNLQqMoqklN9ICBT/KsvC1Gz6vqHbz2AXXGkG+Pm5rMWk/8Vjrr/mY9985Hi8DYzn1F09Nyw=="
    },
    "js-tokens": {
      "version": "4.0.0",
      "resolved": "https://registry.npmjs.org/js-tokens/-/js-tokens-4.0.0.tgz",
      "integrity": "sha512-RdJUflcE3cUzKiMqQgsCu06FPu9UdIJO0beYbPhHN4k6apgJtifcoCtT9bcxOpYBtpD2kCM6Sbzg4CausW/PKQ=="
    },
    "loose-envify": {
      "version": "1.4.0",
      "resolved": "https://registry.npmjs.org/loose-envify/-/loose-envify-1.4.0.tgz",
      "integrity": "sha512-lyuxPGr/Wfhrlem2CL/UcnUc1zcqKAImBDzukY7Y5F/yQiNdko6+fRLevlw1HgMySw7f611UIY408EtxRSoK3Q==",
      "requires": {
        "js-tokens": "^3.0.0 || ^4.0.0"
      }
    },
    "node-emoji": {
      "version": "2.2.0",
      "resolved": "https://registry.npmjs.org/node-emoji/-/node-emoji-2.2.0.tgz",
      "integrity": "sha512-Z3lTE9pLaJF47NyMhd4ww1yFTAP8YhYI8SleJiHzM46Fgpm5cnNzSl9XfzFNqbaz+VlJrIj3fXQ4DeN1Rjm6cw==",
      "requires": {
        "@sindresorhus/is": "^4.6.0",
        "char-regex": "^1.0.2",
        "emojilib": "^2.4.0",
        "skin-tone": "^2.0.0"
      }
    },
    "react": {
      "version": "18.3.1",
      "resolved": "https://registry.npmjs.org/react/-/react-18.3.1.tgz",
      "integrity": "sha512-wS+hAgJShR0KhEvPJArfuPVN1+Hz1t0Y6n5jLrGQbkb4urgPE/0Rve+1kMB1v/oWgHgm4WIcV+i7F2pTVj+2iQ==",
      "requires": {
        "loose-envify": "^1.1.0"
      }
    },
    "react-dom": {
      "version": "18.3.1",
      "resolved": "https://registry.npmjs.org/react-dom/-/react-dom-18.3.1.tgz",
      "integrity": "sha512-5m4nQKp+rZRb09LNH59GM4BxTh9251/ylbKIbpe7TpGxfJ+9kv6BLkLBXIjjspbgbnIBNqlI23tRnTWT0snUIw==",
      "requires": {
        "loose-envify": "^1.1.0",
        "scheduler": "^0.23.2"
      }
    },
    "scheduler": {
      "version": "0.23.2",
      "resolved": "https://registry.npmjs.org/scheduler/-/scheduler-0.23.2.tgz",
      "integrity": "sha512-UOShsPwz7NrMUqhR6t0hWjFduvOzbtv7toDH1/hIrfRNIDBnnBWd0CwJTGvTpngVlmwGCdP9/Zl/tVrDqcuYzQ==",
      "requires": {
        "loose-envify": "^1.1.0"
      }
    },
    "skin-tone": {
      "version": "2.0.0",
      "resolved": "https://registry.npmjs.org/skin-tone/-/skin-tone-2.0.0.tgz",
      "integrity": "sha512-kUMbT1oBJCpgrnKoSr0o6wPtvRWT9W9UKvGLwfJYO2WuahZRHOpEyL1ckyMGgMWh0UdpmaoFqKKD29WTomNEGA==",
      "requires": {
        "unicode-emoji-modifier-base": "^1.0.0"
      }
    },
    "slack-blocks-to-jsx": {
      "version": "0.8.6",
      "resolved": "https://registry.npmjs.org/slack-blocks-to-jsx/-/slack-blocks-to-jsx-0.8.6.tgz",
      "integrity": "sha512-e6ms69YPGETQKneyS/qvrCQ6bThvmuylWs2Kmb8KCgAD+vk0U75bqOfL7ZhFpMyvEA12qYhJzeK5EANDluvxQg==",
      "requires": {
        "@yozora/ast": "^2.3.2",
        "@yozora/character": "^2.3.2",
        "@yozora/core-tokenizer": "^2.3.2",
        "@yozora/parser": "^2.3.2",
        "node-emoji": "^2.1.3"
      }
    },
    "unicode-emoji-modifier-base": {
      "version": "1.0.0",
      "resolved": "https://registry.npmjs.org/unicode-emoji-modifier-base/-/unicode-emoji-modifier-base-1.0.0.tgz",
      "integrity": "sha512-yLSH4py7oFH3oG/9K+XWrz1pSi3dfUrWEnInbxMfArOfc1+33BlGPQtLsOYwvdMy11AwUBetYuaRxSPqgkq+8g=="
    }
  }
}
